
Microsoft Visual Studio Solution File, Format Version 12.00
# Visual Studio Version 17
VisualStudioVersion = 17.7.34024.191
MinimumVisualStudioVersion = 10.0.40219.1
Project("{2150E333-8FDC-42A3-9474-1A3956D46DE8}") = "src", "src", "{4FCBBD70-3CEA-49C8-BDB4-C06CBAE1C3C1}"
EndProject
Project("{2150E333-8FDC-42A3-9474-1A3956D46DE8}") = "tests", "tests", "{9E872DF7-6561-4BEE-B363-D998754CA23A}"
EndProject
Project("{2150E333-8FDC-42A3-9474-1A3956D46DE8}") = "02 API", "02 API", "{96B24C66-BB41-494B-B606-23EEFFB00533}"
EndProject
Project("{2150E333-8FDC-42A3-9474-1A3956D46DE8}") = "04 Core", "04 Core", "{011E8DFA-AD03-4E96-8B4B-92B7FEE08D5E}"
EndProject
Project("{2150E333-8FDC-42A3-9474-1A3956D46DE8}") = "05 Infrastructure", "05 Infrastructure", "{7D59FC20-D11B-4BE6-A5E7-1C46F2357AAF}"
EndProject
Project("{2150E333-8FDC-42A3-9474-1A3956D46DE8}") = "06 UI", "06 UI", "{560E4F1D-DC35-4291-AB1A-C6B5FA0F0EAE}"
EndProject
Project("{9A19103F-16F7-4668-BE54-9A1E7A4F7556}") = "FMA.Domain", "FMA.Domain\FMA.Domain.csproj", "{67ED498E-72E3-4AA4-B3CC-E786E4B0B6D8}"
EndProject
Project("{9A19103F-16F7-4668-BE54-9A1E7A4F7556}") = "FMA.Api.Write", "FMA.Api.Write\FMA.Api.Write.csproj", "{02FED534-4906-455A-8D43-B14EF854BACF}"
EndProject
Project("{9A19103F-16F7-4668-BE54-9A1E7A4F7556}") = "FMA.Persistence", "FMA.Persistence\FMA.Persistence.csproj", "{31058E6C-CF65-41C5-8671-B26650AB5DAE}"
EndProject
Project("{9A19103F-16F7-4668-BE54-9A1E7A4F7556}") = "FMA.Application", "FMA.Application\FMA.Application.csproj", "{218E1BBB-0134-4632-8E21-A709FCFEB990}"
EndProject
Project("{9A19103F-16F7-4668-BE54-9A1E7A4F7556}") = "FMA.Api.Read", "FMA.Api.Read\FMA.Api.Read.csproj", "{64A3C98B-EA69-4783-A18A-770FEB25500A}"
EndProject
Project("{9A19103F-16F7-4668-BE54-9A1E7A4F7556}") = "FMA.Startup", "FMA.Startup\FMA.Startup.csproj", "{3344AD85-9D9E-49C2-959C-110FA1DE3651}"
EndProject
Project("{9A19103F-16F7-4668-BE54-9A1E7A4F7556}") = "FMA.Architecture.Tests", "FMA.Architecture.Tests\FMA.Architecture.Tests.csproj", "{FAA6A5A0-C723-43C1-A55F-5485C381038E}"
EndProject
Project("{9A19103F-16F7-4668-BE54-9A1E7A4F7556}") = "FMA.Handler.Tests", "FMA.Handler.Tests\FMA.Handler.Tests.csproj", "{FB8F70EC-BF3D-462A-BF8B-7D654D4A1C28}"
EndProject
Project("{2150E333-8FDC-42A3-9474-1A3956D46DE8}") = "01 Duende", "01 Duende", "{7C53418B-8CB0-4DAD-8939-3376B5B9BE9D}"
EndProject
Project("{9A19103F-16F7-4668-BE54-9A1E7A4F7556}") = "FMA.IDP", "FMA.IDP\FMA.IDP.csproj", "{6B81B517-2763-4071-AF7F-ADB9302BF5F2}"
EndProject
Project("{2150E333-8FDC-42A3-9474-1A3956D46DE8}") = "03 Business", "03 Business", "{D648DEDC-16C8-4177-99AA-7B30844AD6AB}"
EndProject
Project("{9A19103F-16F7-4668-BE54-9A1E7A4F7556}") = "FMA.Contracts", "FMA.Contracts\FMA.Contracts.csproj", "{22F34F9F-E2A1-49DF-90BE-2DD91A1F2D86}"
EndProject
Project("{9A19103F-16F7-4668-BE54-9A1E7A4F7556}") = "FMA.UI.Blazor", "FMA.UI.Blazor\FMA.UI.Blazor.csproj", "{FAC10A68-B932-4A79-9C48-8DD63CC8D076}"
EndProject
Project("{9A19103F-16F7-4668-BE54-9A1E7A4F7556}") = "FMA.Configuration.Tests", "FMA.Configuration.Tests\FMA.Configuration.Tests.csproj", "{887549C2-46E6-4FE7-B909-B52FC7677E4B}"
EndProject
Project("{9A19103F-16F7-4668-BE54-9A1E7A4F7556}") = "FMA.Application.Validation.Tests", "FMA.Application.Validation.Tests\FMA.Application.Validation.Tests.csproj", "{796F2923-E7D9-4827-BECB-C8F5DA0A72E9}"
EndProject
Global
	GlobalSection(SolutionConfigurationPlatforms) = preSolution
		Debug|Any CPU = Debug|Any CPU
		Release|Any CPU = Release|Any CPU
	EndGlobalSection
	GlobalSection(ProjectConfigurationPlatforms) = postSolution
		{67ED498E-72E3-4AA4-B3CC-E786E4B0B6D8}.Debug|Any CPU.ActiveCfg = Debug|Any CPU
		{67ED498E-72E3-4AA4-B3CC-E786E4B0B6D8}.Debug|Any CPU.Build.0 = Debug|Any CPU
		{67ED498E-72E3-4AA4-B3CC-E786E4B0B6D8}.Release|Any CPU.ActiveCfg = Debug|Any CPU
		{67ED498E-72E3-4AA4-B3CC-E786E4B0B6D8}.Release|Any CPU.Build.0 = Debug|Any CPU
		{02FED534-4906-455A-8D43-B14EF854BACF}.Debug|Any CPU.ActiveCfg = Debug|Any CPU
		{02FED534-4906-455A-8D43-B14EF854BACF}.Debug|Any CPU.Build.0 = Debug|Any CPU
		{02FED534-4906-455A-8D43-B14EF854BACF}.Release|Any CPU.ActiveCfg = Debug|Any CPU
		{02FED534-4906-455A-8D43-B14EF854BACF}.Release|Any CPU.Build.0 = Debug|Any CPU
		{31058E6C-CF65-41C5-8671-B26650AB5DAE}.Debug|Any CPU.ActiveCfg = Debug|Any CPU
		{31058E6C-CF65-41C5-8671-B26650AB5DAE}.Debug|Any CPU.Build.0 = Debug|Any CPU
		{31058E6C-CF65-41C5-8671-B26650AB5DAE}.Release|Any CPU.ActiveCfg = Debug|Any CPU
		{31058E6C-CF65-41C5-8671-B26650AB5DAE}.Release|Any CPU.Build.0 = Debug|Any CPU
		{218E1BBB-0134-4632-8E21-A709FCFEB990}.Debug|Any CPU.ActiveCfg = Debug|Any CPU
		{218E1BBB-0134-4632-8E21-A709FCFEB990}.Debug|Any CPU.Build.0 = Debug|Any CPU
		{218E1BBB-0134-4632-8E21-A709FCFEB990}.Release|Any CPU.ActiveCfg = Debug|Any CPU
		{218E1BBB-0134-4632-8E21-A709FCFEB990}.Release|Any CPU.Build.0 = Debug|Any CPU
		{64A3C98B-EA69-4783-A18A-770FEB25500A}.Debug|Any CPU.ActiveCfg = Debug|Any CPU
		{64A3C98B-EA69-4783-A18A-770FEB25500A}.Debug|Any CPU.Build.0 = Debug|Any CPU
		{64A3C98B-EA69-4783-A18A-770FEB25500A}.Release|Any CPU.ActiveCfg = Debug|Any CPU
		{64A3C98B-EA69-4783-A18A-770FEB25500A}.Release|Any CPU.Build.0 = Debug|Any CPU
		{3344AD85-9D9E-49C2-959C-110FA1DE3651}.Debug|Any CPU.ActiveCfg = Debug|Any CPU
		{3344AD85-9D9E-49C2-959C-110FA1DE3651}.Debug|Any CPU.Build.0 = Debug|Any CPU
		{3344AD85-9D9E-49C2-959C-110FA1DE3651}.Release|Any CPU.ActiveCfg = Debug|Any CPU
		{3344AD85-9D9E-49C2-959C-110FA1DE3651}.Release|Any CPU.Build.0 = Debug|Any CPU
		{FAA6A5A0-C723-43C1-A55F-5485C381038E}.Debug|Any CPU.ActiveCfg = Debug|Any CPU
		{FAA6A5A0-C723-43C1-A55F-5485C381038E}.Debug|Any CPU.Build.0 = Debug|Any CPU
		{FAA6A5A0-C723-43C1-A55F-5485C381038E}.Release|Any CPU.ActiveCfg = Release|Any CPU
		{FAA6A5A0-C723-43C1-A55F-5485C381038E}.Release|Any CPU.Build.0 = Release|Any CPU
		{FB8F70EC-BF3D-462A-BF8B-7D654D4A1C28}.Debug|Any CPU.ActiveCfg = Debug|Any CPU
		{FB8F70EC-BF3D-462A-BF8B-7D654D4A1C28}.Debug|Any CPU.Build.0 = Debug|Any CPU
		{FB8F70EC-BF3D-462A-BF8B-7D654D4A1C28}.Release|Any CPU.ActiveCfg = Release|Any CPU
		{FB8F70EC-BF3D-462A-BF8B-7D654D4A1C28}.Release|Any CPU.Build.0 = Release|Any CPU
		{6B81B517-2763-4071-AF7F-ADB9302BF5F2}.Debug|Any CPU.ActiveCfg = Debug|Any CPU
		{6B81B517-2763-4071-AF7F-ADB9302BF5F2}.Debug|Any CPU.Build.0 = Debug|Any CPU
		{6B81B517-2763-4071-AF7F-ADB9302BF5F2}.Release|Any CPU.ActiveCfg = Release|Any CPU
		{6B81B517-2763-4071-AF7F-ADB9302BF5F2}.Release|Any CPU.Build.0 = Release|Any CPU
		{22F34F9F-E2A1-49DF-90BE-2DD91A1F2D86}.Debug|Any CPU.ActiveCfg = Debug|Any CPU
		{22F34F9F-E2A1-49DF-90BE-2DD91A1F2D86}.Debug|Any CPU.Build.0 = Debug|Any CPU
		{22F34F9F-E2A1-49DF-90BE-2DD91A1F2D86}.Release|Any CPU.ActiveCfg = Release|Any CPU
		{22F34F9F-E2A1-49DF-90BE-2DD91A1F2D86}.Release|Any CPU.Build.0 = Release|Any CPU
		{FAC10A68-B932-4A79-9C48-8DD63CC8D076}.Debug|Any CPU.ActiveCfg = Debug|Any CPU
		{FAC10A68-B932-4A79-9C48-8DD63CC8D076}.Debug|Any CPU.Build.0 = Debug|Any CPU
		{FAC10A68-B932-4A79-9C48-8DD63CC8D076}.Release|Any CPU.ActiveCfg = Release|Any CPU
		{FAC10A68-B932-4A79-9C48-8DD63CC8D076}.Release|Any CPU.Build.0 = Release|Any CPU
		{887549C2-46E6-4FE7-B909-B52FC7677E4B}.Debug|Any CPU.ActiveCfg = Debug|Any CPU
		{887549C2-46E6-4FE7-B909-B52FC7677E4B}.Debug|Any CPU.Build.0 = Debug|Any CPU
		{887549C2-46E6-4FE7-B909-B52FC7677E4B}.Release|Any CPU.ActiveCfg = Release|Any CPU
		{887549C2-46E6-4FE7-B909-B52FC7677E4B}.Release|Any CPU.Build.0 = Release|Any CPU
		{796F2923-E7D9-4827-BECB-C8F5DA0A72E9}.Debug|Any CPU.ActiveCfg = Debug|Any CPU
		{796F2923-E7D9-4827-BECB-C8F5DA0A72E9}.Debug|Any CPU.Build.0 = Debug|Any CPU
		{796F2923-E7D9-4827-BECB-C8F5DA0A72E9}.Release|Any CPU.ActiveCfg = Release|Any CPU
		{796F2923-E7D9-4827-BECB-C8F5DA0A72E9}.Release|Any CPU.Build.0 = Release|Any CPU
	EndGlobalSection
	GlobalSection(SolutionProperties) = preSolution
		HideSolutionNode = FALSE
	EndGlobalSection
	GlobalSection(NestedProjects) = preSolution
		{96B24C66-BB41-494B-B606-23EEFFB00533} = {4FCBBD70-3CEA-49C8-BDB4-C06CBAE1C3C1}
		{011E8DFA-AD03-4E96-8B4B-92B7FEE08D5E} = {4FCBBD70-3CEA-49C8-BDB4-C06CBAE1C3C1}
		{7D59FC20-D11B-4BE6-A5E7-1C46F2357AAF} = {4FCBBD70-3CEA-49C8-BDB4-C06CBAE1C3C1}
		{560E4F1D-DC35-4291-AB1A-C6B5FA0F0EAE} = {4FCBBD70-3CEA-49C8-BDB4-C06CBAE1C3C1}
		{67ED498E-72E3-4AA4-B3CC-E786E4B0B6D8} = {011E8DFA-AD03-4E96-8B4B-92B7FEE08D5E}
		{02FED534-4906-455A-8D43-B14EF854BACF} = {96B24C66-BB41-494B-B606-23EEFFB00533}
		{31058E6C-CF65-41C5-8671-B26650AB5DAE} = {7D59FC20-D11B-4BE6-A5E7-1C46F2357AAF}
		{218E1BBB-0134-4632-8E21-A709FCFEB990} = {D648DEDC-16C8-4177-99AA-7B30844AD6AB}
		{64A3C98B-EA69-4783-A18A-770FEB25500A} = {96B24C66-BB41-494B-B606-23EEFFB00533}
		{3344AD85-9D9E-49C2-959C-110FA1DE3651} = {96B24C66-BB41-494B-B606-23EEFFB00533}
		{FAA6A5A0-C723-43C1-A55F-5485C381038E} = {9E872DF7-6561-4BEE-B363-D998754CA23A}
		{FB8F70EC-BF3D-462A-BF8B-7D654D4A1C28} = {9E872DF7-6561-4BEE-B363-D998754CA23A}
		{7C53418B-8CB0-4DAD-8939-3376B5B9BE9D} = {4FCBBD70-3CEA-49C8-BDB4-C06CBAE1C3C1}
		{6B81B517-2763-4071-AF7F-ADB9302BF5F2} = {7C53418B-8CB0-4DAD-8939-3376B5B9BE9D}
		{D648DEDC-16C8-4177-99AA-7B30844AD6AB} = {4FCBBD70-3CEA-49C8-BDB4-C06CBAE1C3C1}
		{22F34F9F-E2A1-49DF-90BE-2DD91A1F2D86} = {011E8DFA-AD03-4E96-8B4B-92B7FEE08D5E}
		{FAC10A68-B932-4A79-9C48-8DD63CC8D076} = {560E4F1D-DC35-4291-AB1A-C6B5FA0F0EAE}
		{887549C2-46E6-4FE7-B909-B52FC7677E4B} = {9E872DF7-6561-4BEE-B363-D998754CA23A}
		{796F2923-E7D9-4827-BECB-C8F5DA0A72E9} = {9E872DF7-6561-4BEE-B363-D998754CA23A}
	EndGlobalSection
	GlobalSection(ExtensibilityGlobals) = postSolution
		SolutionGuid = {9349309C-DCBD-4C8C-B7EC-F33ECAA4255D}
	EndGlobalSection
EndGlobal
